// !$*UTF8*$!
{
	archiveVersion = 1;
	classes = {
	};
	objectVersion = 50;
	objects = {

/* Begin PBXBuildFile section */
		6791AA3523C37DB900F7BE3C /* AppDelegate.swift in Sources */ = {isa = PBXBuildFile; fileRef = 6791AA3423C37DB900F7BE3C /* AppDelegate.swift */; };
		6791AA3723C37DB900F7BE3C /* SceneDelegate.swift in Sources */ = {isa = PBXBuildFile; fileRef = 6791AA3623C37DB900F7BE3C /* SceneDelegate.swift */; };
		6791AA3923C37DB900F7BE3C /* ViewController.swift in Sources */ = {isa = PBXBuildFile; fileRef = 6791AA3823C37DB900F7BE3C /* ViewController.swift */; };
		6791AA3C23C37DB900F7BE3C /* Main.storyboard in Resources */ = {isa = PBXBuildFile; fileRef = 6791AA3A23C37DB900F7BE3C /* Main.storyboard */; };
		6791AA3E23C37DBB00F7BE3C /* Assets.xcassets in Resources */ = {isa = PBXBuildFile; fileRef = 6791AA3D23C37DBB00F7BE3C /* Assets.xcassets */; };
		6791AA4123C37DBB00F7BE3C /* LaunchScreen.storyboard in Resources */ = {isa = PBXBuildFile; fileRef = 6791AA3F23C37DBB00F7BE3C /* LaunchScreen.storyboard */; };
/* End PBXBuildFile section */

/* Begin PBXFileReference section */
		6791AA3123C37DB900F7BE3C /* TestOfGit.app */ = {isa = PBXFileReference; explicitFileType = wrapper.application; includeInIndex = 0; path = TestOfGit.app; sourceTree = BUILT_PRODUCTS_DIR; };
		6791AA3423C37DB900F7BE3C /* AppDelegate.swift */ = {isa = PBXFileReference; lastKnownFileType = sourcecode.swift; path = AppDelegate.swift; sourceTree = "<group>"; };
		6791AA3623C37DB900F7BE3C /* SceneDelegate.swift */ = {isa = PBXFileReference; lastKnownFileType = sourcecode.swift; path = SceneDelegate.swift; sourceTree = "<group>"; };
		6791AA3823C37DB900F7BE3C /* ViewController.swift */ = {isa = PBXFileReference; lastKnownFileType = sourcecode.swift; path = ViewController.swift; sourceTree = "<group>"; };
		6791AA3B23C37DB900F7BE3C /* Base */ = {isa = PBXFileReference; lastKnownFileType = file.storyboard; name = Base; path = Base.lproj/Main.storyboard; sourceTree = "<group>"; };
		6791AA3D23C37DBB00F7BE3C /* Assets.xcassets */ = {isa = PBXFileReference; lastKnownFileType = folder.assetcatalog; path = Assets.xcassets; sourceTree = "<group>"; };
		6791AA4023C37DBB00F7BE3C /* Base */ = {isa = PBXFileReference; lastKnownFileType = file.storyboard; name = Base; path = Base.lproj/LaunchScreen.storyboard; sourceTree = "<group>"; };
		6791AA4223C37DBB00F7BE3C /* Info.plist */ = {isa = PBXFileReference; lastKnownFileType = text.plist.xml; path = Info.plist; sourceTree = "<group>"; };
/* End PBXFileReference section */

/* Begin PBXFrameworksBuildPhase section */
		6791AA2E23C37DB900F7BE3C /* Frameworks */ = {
			isa = PBXFrameworksBuildPhase;
			buildActionMask = 2147483647;
			files = (
			);
			runOnlyForDeploymentPostprocessing = 0;
		};
/* End PBXFrameworksBuildPhase section */

/* Begin PBXGroup section */
		6791AA2823C37DB900F7BE3C = {
			isa = PBXGroup;
			children = (
				6791AA3323C37DB900F7BE3C /* TestOfGit */,
				6791AA3223C37DB900F7BE3C /* Products */,
			);
			sourceTree = "<group>";
		};
		6791AA3223C37DB900F7BE3C /* Products */ = {
			isa = PBXGroup;
			children = (
				6791AA3123C37DB900F7BE3C /* TestOfGit.app */,
			);
			name = Products;
			sourceTree = "<group>";
		};
		6791AA3323C37DB900F7BE3C /* TestOfGit */ = {
			isa = PBXGroup;
			children = (
				6791AA3423C37DB900F7BE3C /* AppDelegate.swift */,
				6791AA3623C37DB900F7BE3C /* SceneDelegate.swift */,
				6791AA3823C37DB900F7BE3C /* ViewController.swift */,
				6791AA3A23C37DB900F7BE3C /* Main.storyboard */,
				6791AA3D23C37DBB00F7BE3C /* Assets.xcassets */,
				6791AA3F23C37DBB00F7BE3C /* LaunchScreen.storyboard */,
				6791AA4223C37DBB00F7BE3C /* Info.plist */,
			);
			path = TestOfGit;
			sourceTree = "<group>";
		};
/* End PBXGroup section */

/* Begin PBXNativeTarget section */
		6791AA3023C37DB900F7BE3C /* TestOfGit */ = {
			isa = PBXNativeTarget;
			buildConfigurationList = 6791AA4523C37DBB00F7BE3C /* Build configuration list for PBXNativeTarget "TestOfGit" */;
			buildPhases = (
				6791AA2D23C37DB900F7BE3C /* Sources */,
				6791AA2E23C37DB900F7BE3C /* Frameworks */,
				6791AA2F23C37DB900F7BE3C /* Resources */,
			);
			buildRules = (
			);
			dependencies = (
			);
			name = TestOfGit;
			productName = TestOfGit;
			productReference = 6791AA3123C37DB900F7BE3C /* TestOfGit.app */;
			productType = "com.apple.product-type.application";
		};
/* End PBXNativeTarget section */

/* Begin PBXProject section */
		6791AA2923C37DB900F7BE3C /* Project object */ = {
			isa = PBXProject;
			attributes = {
				LastSwiftUpdateCheck = 1120;
				LastUpgradeCheck = 1120;
				ORGANIZATIONNAME = "山本竜也";
				TargetAttributes = {
					6791AA3023C37DB900F7BE3C = {
						CreatedOnToolsVersion = 11.2.1;
					};
				};
			};
			buildConfigurationList = 6791AA2C23C37DB900F7BE3C /* Build configuration list for PBXProject "TestOfGit" */;
			compatibilityVersion = "Xcode 9.3";
			developmentRegion = en;
			hasScannedForEncodings = 0;
			knownRegions = (
				en,
				Base,
			);
			mainGroup = 6791AA2823C37DB900F7BE3C;
			productRefGroup = 6791AA3223C37DB900F7BE3C /* Products */;
			projectDirPath = "";
			projectRoot = "";
			targets = (
				6791AA3023C37DB900F7BE3C /* TestOfGit */,
			);
		};
/* End PBXProject section */

/* Begin PBXResourcesBuildPhase section */
		6791AA2F23C37DB900F7BE3C /* Resources */ = {
			isa = PBXResourcesBuildPhase;
			buildActionMask = 2147483647;
			files = (
				6791AA4123C37DBB00F7BE3C /* LaunchScreen.storyboard in Resources */,
				6791AA3E23C37DBB00F7BE3C /* Assets.xcassets in Resources */,
				6791AA3C23C37DB900F7BE3C /* Main.storyboard in Resources */,
			);
			runOnlyForDeploymentPostprocessing = 0;
		};
/* End PBXResourcesBuildPhase section */

/* Begin PBXSourcesBuildPhase section */
		6791AA2D23C37DB900F7BE3C /* Sources */ = {
			isa = PBXSourcesBuildPhase;
			buildActionMask = 2147483647;
			files = (
				6791AA3923C37DB900F7BE3C /* ViewController.swift in Sources */,
				6791AA3523C37DB900F7BE3C /* AppDelegate.swift in Sources */,
				6791AA3723C37DB900F7BE3C /* SceneDelegate.swift in Sources */,
			);
			runOnlyForDeploymentPostprocessing = 0;
		};
/* End PBXSourcesBuildPhase section */

/* Begin PBXVariantGroup section */
		6791AA3A23C37DB900F7BE3C /* Main.storyboard */ = {
			isa = PBXVariantGroup;
			children = (
				6791AA3B23C37DB900F7BE3C /* Base */,
			);
			name = Main.storyboard;
			sourceTree = "<group>";
		};
		6791AA3F23C37DBB00F7BE3C /* LaunchScreen.storyboard */ = {
			isa = PBXVariantGroup;
			children = (
				6791AA4023C37DBB00F7BE3C /* Base */,
			);
			name = LaunchScreen.storyboard;
			sourceTree = "<group>";
		};
/* End PBXVariantGroup section */

/* Begin XCBuildConfiguration section */
		6791AA4323C37DBB00F7BE3C /* Debug */ = {
			isa = XCBuildConfiguration;
			buildSettings = {
				ALWAYS_SEARCH_USER_PATHS = NO;
				CLANG_ANALYZER_NONNULL = YES;
				CLANG_ANALYZER_NUMBER_OBJECT_CONVERSION = YES_AGGRESSIVE;
				CLANG_CXX_LANGUAGE_STANDARD = "gnu++14";
				CLANG_CXX_LIBRARY = "libc++";
				CLANG_ENABLE_MODULES = YES;
				CLANG_ENABLE_OBJC_ARC = YES;
				CLANG_ENABLE_OBJC_WEAK = YES;
				CLANG_WARN_BLOCK_CAPTURE_AUTORELEASING = YES;
				CLANG_WARN_BOOL_CONVERSION = YES;
				CLANG_WARN_COMMA = YES;
				CLANG_WARN_CONSTANT_CONVERSION = YES;
				CLANG_WARN_DEPRECATED_OBJC_IMPLEMENTATIONS = YES;
				CLANG_WARN_DIRECT_OBJC_ISA_USAGE = YES_ERROR;
				CLANG_WARN_DOCUMENTATION_COMMENTS = YES;
				CLANG_WARN_EMPTY_BODY = YES;
				CLANG_WARN_ENUM_CONVERSION = YES;
				CLANG_WARN_INFINITE_RECURSION = YES;
				CLANG_WARN_INT_CONVERSION = YES;
				CLANG_WARN_NON_LITERAL_NULL_CONVERSION = YES;
				CLANG_WARN_OBJC_IMPLICIT_RETAIN_SELF = YES;
				CLANG_WARN_OBJC_LITERAL_CONVERSION = YES;
				CLANG_WARN_OBJC_ROOT_CLASS = YES_ERROR;
				CLANG_WARN_RANGE_LOOP_ANALYSIS = YES;
				CLANG_WARN_STRICT_PROTOTYPES = YES;
				CLANG_WARN_SUSPICIOUS_MOVE = YES;
				CLANG_WARN_UNGUARDED_AVAILABILITY = YES_AGGRESSIVE;
				CLANG_WARN_UNREACHABLE_CODE = YES;
				CLANG_WARN__DUPLICATE_METHOD_MATCH = YES;
				COPY_PHASE_STRIP = NO;
				DEBUG_INFORMATION_FORMAT = dwarf;
				ENABLE_STRICT_OBJC_MSGSEND = YES;
				ENABLE_TESTABILITY = YES;
				GCC_C_LANGUAGE_STANDARD = gnu11;
				GCC_DYNAMIC_NO_PIC = NO;
				GCC_NO_COMMON_BLOCKS = YES;
				GCC_OPTIMIZATION_LEVEL = 0;
				GCC_PREPROCESSOR_DEFINITIONS = (
					"DEBUG=1",
					"$(inherited)",
				);
				GCC_WARN_64_TO_32_BIT_CONVERSION = YES;
				GCC_WARN_ABOUT_RETURN_TYPE = YES_ERROR;
				GCC_WARN_UNDECLARED_SELECTOR = YES;
				GCC_WARN_UNINITIALIZED_AUTOS = YES_AGGRESSIVE;
				GCC_WARN_UNUSED_FUNCTION = YES;
				GCC_WARN_UNUSED_VARIABLE = YES;
				IPHONEOS_DEPLOYMENT_TARGET = 13.2;
				MTL_ENABLE_DEBUG_INFO = INCLUDE_SOURCE;
				MTL_FAST_MATH = YES;
				ONLY_ACTIVE_ARCH = YES;
				SDKROOT = iphoneos;
				SWIFT_ACTIVE_COMPILATION_CONDITIONS = DEBUG;
				SWIFT_OPTIMIZATION_LEVEL = "-Onone";
			};
			name = Debug;
		};
		6791AA4423C37DBB00F7BE3C /* Release */ = {
			isa = XCBuildConfiguration;
			buildSettings = {
				ALWAYS_SEARCH_USER_PATHS = NO;
				CLANG_ANALYZER_NONNULL = YES;
				CLANG_ANALYZER_NUMBER_OBJECT_CONVERSION = YES_AGGRESSIVE;
				CLANG_CXX_LANGUAGE_STANDARD = "gnu++14";
				CLANG_CXX_LIBRARY = "libc++";
				CLANG_ENABLE_MODULES = YES;
				CLANG_ENABLE_OBJC_ARC = YES;
				CLANG_ENABLE_OBJC_WEAK = YES;
				CLANG_WARN_BLOCK_CAPTURE_AUTORELEASING = YES;
				CLANG_WARN_BOOL_CONVERSION = YES;
				CLANG_WARN_COMMA = YES;
				CLANG_WARN_CONSTANT_CONVERSION = YES;
				CLANG_WARN_DEPRECATED_OBJC_IMPLEMENTATIONS = YES;
				CLANG_WARN_DIRECT_OBJC_ISA_USAGE = YES_ERROR;
				CLANG_WARN_DOCUMENTATION_COMMENTS = YES;
				CLANG_WARN_EMPTY_BODY = YES;
				CLANG_WARN_ENUM_CONVERSION = YES;
				CLANG_WARN_INFINITE_RECURSION = YES;
				CLANG_WARN_INT_CONVERSION = YES;
				CLANG_WARN_NON_LITERAL_NULL_CONVERSION = YES;
				CLANG_WARN_OBJC_IMPLICIT_RETAIN_SELF = YES;
				CLANG_WARN_OBJC_LITERAL_CONVERSION = YES;
				CLANG_WARN_OBJC_ROOT_CLASS = YES_ERROR;
				CLANG_WARN_RANGE_LOOP_ANALYSIS = YES;
				CLANG_WARN_STRICT_PROTOTYPES = YES;
				CLANG_WARN_SUSPICIOUS_MOVE = YES;
				CLANG_WARN_UNGUARDED_AVAILABILITY = YES_AGGRESSIVE;
				CLANG_WARN_UNREACHABLE_CODE = YES;
				CLANG_WARN__DUPLICATE_METHOD_MATCH = YES;
				COPY_PHASE_STRIP = NO;
				DEBUG_INFORMATION_FORMAT = "dwarf-with-dsym";
				ENABLE_NS_ASSERTIONS = NO;
				ENABLE_STRICT_OBJC_MSGSEND = YES;
				GCC_C_LANGUAGE_STANDARD = gnu11;
				GCC_NO_COMMON_BLOCKS = YES;
				GCC_WARN_64_TO_32_BIT_CONVERSION = YES;
				GCC_WARN_ABOUT_RETURN_TYPE = YES_ERROR;
				GCC_WARN_UNDECLARED_SELECTOR = YES;
				GCC_WARN_UNINITIALIZED_AUTOS = YES_AGGRESSIVE;
				GCC_WARN_UNUSED_FUNCTION = YES;
				GCC_WARN_UNUSED_VARIABLE = YES;
				IPHONEOS_DEPLOYMENT_TARGET = 13.2;
				MTL_ENABLE_DEBUG_INFO = NO;
				MTL_FAST_MATH = YES;
				SDKROOT = iphoneos;
				SWIFT_COMPILATION_MODE = wholemodule;
				SWIFT_OPTIMIZATION_LEVEL = "-O";
				VALIDATE_PRODUCT = YES;
			};
			name = Release;
		};
		6791AA4623C37DBB00F7BE3C /* Debug */ = {
			isa = XCBuildConfiguration;
			buildSettings = {
				ASSETCATALOG_COMPILER_APPICON_NAME = AppIcon;
				CODE_SIGN_STYLE = Automatic;
				DEVELOPMENT_TEAM = 92S7PT7663;
				INFOPLIST_FILE = TestOfGit/Info.plist;
				LD_RUNPATH_SEARCH_PATHS = (
					"$(inherited)",
					"@executable_path/Frameworks",
				);
				PRODUCT_BUNDLE_IDENTIFIER = "com.yamatatsu-tech.TestOfGit";
				PRODUCT_NAME = "$(TARGET_NAME)";
				SWIFT_VERSION = 5.0;
				TARGETED_DEVICE_FAMILY = "1,2";
			};
			name = Debug;
		};
		6791AA4723C37DBB00F7BE3C /* Release */ = {
			isa = XCBuildConfiguration;
			buildSettings = {
				ASSETCATALOG_COMPILER_APPICON_NAME = AppIcon;
				CODE_SIGN_STYLE = Automatic;
				DEVELOPMENT_TEAM = 92S7PT7663;
				INFOPLIST_FILE = TestOfGit/Info.plist;
				LD_RUNPATH_SEARCH_PATHS = (
					"$(inherited)",
					"@executable_path/Frameworks",
				);
				PRODUCT_BUNDLE_IDENTIFIER = "com.yamatatsu-tech.TestOfGit";
				PRODUCT_NAME = "$(TARGET_NAME)";
				SWIFT_VERSION = 5.0;
				TARGETED_DEVICE_FAMILY = "1,2";
			};
			name = Release;
		};
/* End XCBuildConfiguration section */

/* Begin XCConfigurationList section */
		6791AA2C23C37DB900F7BE3C /* Build configuration list for PBXProject "TestOfGit" */ = {
			isa = XCConfigurationList;
			buildConfigurations = (
				6791AA4323C37DBB00F7BE3C /* Debug */,
				6791AA4423C37DBB00F7BE3C /* Release */,
			);
			defaultConfigurationIsVisible = 0;
			defaultConfigurationName = Release;
		};
		6791AA4523C37DBB00F7BE3C /* Build configuration list for PBXNativeTarget "TestOfGit" */ = {
			isa = XCConfigurationList;
			buildConfigurations = (
				6791AA4623C37DBB00F7BE3C /* Debug */,
				6791AA4723C37DBB00F7BE3C /* Release */,
			);
			defaultConfigurationIsVisible = 0;
			defaultConfigurationName = Release;
		};
/* End XCConfigurationList section */
	};
	rootObject = 6791AA2923C37DB900F7BE3C /* Project object */;
}
